// !$*UTF8*$!
{
	archiveVersion = 1;
	classes = {
	};
	objectVersion = 56;
	objects = {

/* Begin PBXBuildFile section */
		E053AD772A0251A000027FE1 /* AppDelegate.swift in Sources */ = {isa = PBXBuildFile; fileRef = E053AD762A0251A000027FE1 /* AppDelegate.swift */; };
		E053AD792A0251A000027FE1 /* SceneDelegate.swift in Sources */ = {isa = PBXBuildFile; fileRef = E053AD782A0251A000027FE1 /* SceneDelegate.swift */; };
		E053AD7B2A0251A000027FE1 /* LoginVC.swift in Sources */ = {isa = PBXBuildFile; fileRef = E053AD7A2A0251A000027FE1 /* LoginVC.swift */; };
		E053AD7E2A0251A000027FE1 /* Main.storyboard in Resources */ = {isa = PBXBuildFile; fileRef = E053AD7C2A0251A000027FE1 /* Main.storyboard */; };
		E053AD812A0251A000027FE1 /* Task_Nidhi.xcdatamodeld in Sources */ = {isa = PBXBuildFile; fileRef = E053AD7F2A0251A000027FE1 /* Task_Nidhi.xcdatamodeld */; };
		E053AD832A0251A200027FE1 /* Assets.xcassets in Resources */ = {isa = PBXBuildFile; fileRef = E053AD822A0251A200027FE1 /* Assets.xcassets */; };
		E053AD862A0251A200027FE1 /* LaunchScreen.storyboard in Resources */ = {isa = PBXBuildFile; fileRef = E053AD842A0251A200027FE1 /* LaunchScreen.storyboard */; };
		E053AD922A02546900027FE1 /* SignupVC.swift in Sources */ = {isa = PBXBuildFile; fileRef = E053AD912A02546900027FE1 /* SignupVC.swift */; };
		E053AD942A025A9F00027FE1 /* Extension.swift in Sources */ = {isa = PBXBuildFile; fileRef = E053AD932A025A9F00027FE1 /* Extension.swift */; };
		E0AF44422A025CCE003D5AC4 /* Constant.swift in Sources */ = {isa = PBXBuildFile; fileRef = E0AF44412A025CCE003D5AC4 /* Constant.swift */; };
		E0AF44462A026007003D5AC4 /* DatabaseHelper.swift in Sources */ = {isa = PBXBuildFile; fileRef = E0AF44452A026007003D5AC4 /* DatabaseHelper.swift */; };
		E0AF44482A026064003D5AC4 /* UserModel.swift in Sources */ = {isa = PBXBuildFile; fileRef = E0AF44472A026064003D5AC4 /* UserModel.swift */; };
		E0EE8B742A026D8F0091E1FA /* DashboardVC.swift in Sources */ = {isa = PBXBuildFile; fileRef = E0EE8B732A026D8F0091E1FA /* DashboardVC.swift */; };
		E0EE8B762A026EAF0091E1FA /* APIClass.swift in Sources */ = {isa = PBXBuildFile; fileRef = E0EE8B752A026EAF0091E1FA /* APIClass.swift */; };
		E0EE8B782A0270AC0091E1FA /* NavigationController.swift in Sources */ = {isa = PBXBuildFile; fileRef = E0EE8B772A0270AC0091E1FA /* NavigationController.swift */; };
		E0EE8B7A2A02763B0091E1FA /* ProductModel.swift in Sources */ = {isa = PBXBuildFile; fileRef = E0EE8B792A02763B0091E1FA /* ProductModel.swift */; };
		E0EE8B7E2A027B890091E1FA /* ProductTCell.swift in Sources */ = {isa = PBXBuildFile; fileRef = E0EE8B7C2A027B890091E1FA /* ProductTCell.swift */; };
		E0EE8B7F2A027B890091E1FA /* ProductTCell.xib in Resources */ = {isa = PBXBuildFile; fileRef = E0EE8B7D2A027B890091E1FA /* ProductTCell.xib */; };
		E0EE8B812A0287D90091E1FA /* CartVC.swift in Sources */ = {isa = PBXBuildFile; fileRef = E0EE8B802A0287D90091E1FA /* CartVC.swift */; };
		E0EE8B852A0288FD0091E1FA /* CartTCell.swift in Sources */ = {isa = PBXBuildFile; fileRef = E0EE8B832A0288FD0091E1FA /* CartTCell.swift */; };
		E0EE8B862A0288FD0091E1FA /* CartTCell.xib in Resources */ = {isa = PBXBuildFile; fileRef = E0EE8B842A0288FD0091E1FA /* CartTCell.xib */; };
/* End PBXBuildFile section */

/* Begin PBXFileReference section */
		E053AD732A0251A000027FE1 /* Task-Nidhi.app */ = {isa = PBXFileReference; explicitFileType = wrapper.application; includeInIndex = 0; path = "Task-Nidhi.app"; sourceTree = BUILT_PRODUCTS_DIR; };
		E053AD762A0251A000027FE1 /* AppDelegate.swift */ = {isa = PBXFileReference; lastKnownFileType = sourcecode.swift; path = AppDelegate.swift; sourceTree = "<group>"; };
		E053AD782A0251A000027FE1 /* SceneDelegate.swift */ = {isa = PBXFileReference; lastKnownFileType = sourcecode.swift; path = SceneDelegate.swift; sourceTree = "<group>"; };
		E053AD7A2A0251A000027FE1 /* LoginVC.swift */ = {isa = PBXFileReference; lastKnownFileType = sourcecode.swift; path = LoginVC.swift; sourceTree = "<group>"; };
		E053AD7D2A0251A000027FE1 /* Base */ = {isa = PBXFileReference; lastKnownFileType = file.storyboard; name = Base; path = Base.lproj/Main.storyboard; sourceTree = "<group>"; };
		E053AD802A0251A000027FE1 /* Task_Nidhi.xcdatamodel */ = {isa = PBXFileReference; lastKnownFileType = wrapper.xcdatamodel; path = Task_Nidhi.xcdatamodel; sourceTree = "<group>"; };
		E053AD822A0251A200027FE1 /* Assets.xcassets */ = {isa = PBXFileReference; lastKnownFileType = folder.assetcatalog; path = Assets.xcassets; sourceTree = "<group>"; };
		E053AD852A0251A200027FE1 /* Base */ = {isa = PBXFileReference; lastKnownFileType = file.storyboard; name = Base; path = Base.lproj/LaunchScreen.storyboard; sourceTree = "<group>"; };
		E053AD872A0251A200027FE1 /* Info.plist */ = {isa = PBXFileReference; lastKnownFileType = text.plist.xml; path = Info.plist; sourceTree = "<group>"; };
		E053AD912A02546900027FE1 /* SignupVC.swift */ = {isa = PBXFileReference; lastKnownFileType = sourcecode.swift; path = SignupVC.swift; sourceTree = "<group>"; };
		E053AD932A025A9F00027FE1 /* Extension.swift */ = {isa = PBXFileReference; lastKnownFileType = sourcecode.swift; path = Extension.swift; sourceTree = "<group>"; };
		E0AF44412A025CCE003D5AC4 /* Constant.swift */ = {isa = PBXFileReference; lastKnownFileType = sourcecode.swift; path = Constant.swift; sourceTree = "<group>"; };
		E0AF44452A026007003D5AC4 /* DatabaseHelper.swift */ = {isa = PBXFileReference; fileEncoding = 4; lastKnownFileType = sourcecode.swift; path = DatabaseHelper.swift; sourceTree = "<group>"; };
		E0AF44472A026064003D5AC4 /* UserModel.swift */ = {isa = PBXFileReference; lastKnownFileType = sourcecode.swift; path = UserModel.swift; sourceTree = "<group>"; };
		E0EE8B732A026D8F0091E1FA /* DashboardVC.swift */ = {isa = PBXFileReference; lastKnownFileType = sourcecode.swift; path = DashboardVC.swift; sourceTree = "<group>"; };
		E0EE8B752A026EAF0091E1FA /* APIClass.swift */ = {isa = PBXFileReference; lastKnownFileType = sourcecode.swift; path = APIClass.swift; sourceTree = "<group>"; };
		E0EE8B772A0270AC0091E1FA /* NavigationController.swift */ = {isa = PBXFileReference; lastKnownFileType = sourcecode.swift; path = NavigationController.swift; sourceTree = "<group>"; };
		E0EE8B792A02763B0091E1FA /* ProductModel.swift */ = {isa = PBXFileReference; lastKnownFileType = sourcecode.swift; path = ProductModel.swift; sourceTree = "<group>"; };
		E0EE8B7C2A027B890091E1FA /* ProductTCell.swift */ = {isa = PBXFileReference; lastKnownFileType = sourcecode.swift; path = ProductTCell.swift; sourceTree = "<group>"; };
		E0EE8B7D2A027B890091E1FA /* ProductTCell.xib */ = {isa = PBXFileReference; lastKnownFileType = file.xib; path = ProductTCell.xib; sourceTree = "<group>"; };
		E0EE8B802A0287D90091E1FA /* CartVC.swift */ = {isa = PBXFileReference; lastKnownFileType = sourcecode.swift; path = CartVC.swift; sourceTree = "<group>"; };
		E0EE8B832A0288FD0091E1FA /* CartTCell.swift */ = {isa = PBXFileReference; lastKnownFileType = sourcecode.swift; path = CartTCell.swift; sourceTree = "<group>"; };
		E0EE8B842A0288FD0091E1FA /* CartTCell.xib */ = {isa = PBXFileReference; lastKnownFileType = file.xib; path = CartTCell.xib; sourceTree = "<group>"; };
/* End PBXFileReference section */

/* Begin PBXFrameworksBuildPhase section */
		E053AD702A0251A000027FE1 /* Frameworks */ = {
			isa = PBXFrameworksBuildPhase;
			buildActionMask = 2147483647;
			files = (
			);
			runOnlyForDeploymentPostprocessing = 0;
		};
/* End PBXFrameworksBuildPhase section */

/* Begin PBXGroup section */
		E053AD6A2A0251A000027FE1 = {
			isa = PBXGroup;
			children = (
				E053AD752A0251A000027FE1 /* Task-Nidhi */,
				E053AD742A0251A000027FE1 /* Products */,
			);
			sourceTree = "<group>";
		};
		E053AD742A0251A000027FE1 /* Products */ = {
			isa = PBXGroup;
			children = (
				E053AD732A0251A000027FE1 /* Task-Nidhi.app */,
			);
			name = Products;
			sourceTree = "<group>";
		};
		E053AD752A0251A000027FE1 /* Task-Nidhi */ = {
			isa = PBXGroup;
			children = (
				E0AF44442A025FDF003D5AC4 /* Helper */,
				E0AF44432A025FC0003D5AC4 /* API */,
				E053AD902A02527E00027FE1 /* Constant */,
				E053AD8F2A02526300027FE1 /* ViewModel */,
				E053AD8E2A02525900027FE1 /* View */,
				E053AD8D2A02525200027FE1 /* Model */,
				E053AD7C2A0251A000027FE1 /* Main.storyboard */,
				E053AD822A0251A200027FE1 /* Assets.xcassets */,
				E053AD842A0251A200027FE1 /* LaunchScreen.storyboard */,
				E053AD872A0251A200027FE1 /* Info.plist */,
				E053AD7F2A0251A000027FE1 /* Task_Nidhi.xcdatamodeld */,
			);
			path = "Task-Nidhi";
			sourceTree = "<group>";
		};
		E053AD8D2A02525200027FE1 /* Model */ = {
			isa = PBXGroup;
			children = (
				E0AF44472A026064003D5AC4 /* UserModel.swift */,
				E0EE8B792A02763B0091E1FA /* ProductModel.swift */,
			);
			path = Model;
			sourceTree = "<group>";
		};
		E053AD8E2A02525900027FE1 /* View */ = {
			isa = PBXGroup;
			children = (
				E053AD7A2A0251A000027FE1 /* LoginVC.swift */,
				E053AD912A02546900027FE1 /* SignupVC.swift */,
				E0EE8B732A026D8F0091E1FA /* DashboardVC.swift */,
				E0EE8B772A0270AC0091E1FA /* NavigationController.swift */,
				E0EE8B802A0287D90091E1FA /* CartVC.swift */,
			);
			path = View;
			sourceTree = "<group>";
		};
		E053AD8F2A02526300027FE1 /* ViewModel */ = {
			isa = PBXGroup;
			children = (
				E0EE8B822A0288B80091E1FA /* Cart */,
				E0EE8B7B2A027B690091E1FA /* Dashboard */,
			);
			path = ViewModel;
			sourceTree = "<group>";
		};
		E053AD902A02527E00027FE1 /* Constant */ = {
			isa = PBXGroup;
			children = (
				E053AD762A0251A000027FE1 /* AppDelegate.swift */,
				E053AD782A0251A000027FE1 /* SceneDelegate.swift */,
				E053AD932A025A9F00027FE1 /* Extension.swift */,
				E0AF44412A025CCE003D5AC4 /* Constant.swift */,
			);
			path = Constant;
			sourceTree = "<group>";
		};
		E0AF44432A025FC0003D5AC4 /* API */ = {
			isa = PBXGroup;
			children = (
				E0EE8B752A026EAF0091E1FA /* APIClass.swift */,
			);
			path = API;
			sourceTree = "<group>";
		};
		E0AF44442A025FDF003D5AC4 /* Helper */ = {
			isa = PBXGroup;
			children = (
				E0AF44452A026007003D5AC4 /* DatabaseHelper.swift */,
			);
			path = Helper;
			sourceTree = "<group>";
		};
		E0EE8B7B2A027B690091E1FA /* Dashboard */ = {
			isa = PBXGroup;
			children = (
				E0EE8B7C2A027B890091E1FA /* ProductTCell.swift */,
				E0EE8B7D2A027B890091E1FA /* ProductTCell.xib */,
			);
			path = Dashboard;
			sourceTree = "<group>";
		};
		E0EE8B822A0288B80091E1FA /* Cart */ = {
			isa = PBXGroup;
			children = (
				E0EE8B832A0288FD0091E1FA /* CartTCell.swift */,
				E0EE8B842A0288FD0091E1FA /* CartTCell.xib */,
			);
			path = Cart;
			sourceTree = "<group>";
		};
/* End PBXGroup section */

/* Begin PBXNativeTarget section */
		E053AD722A0251A000027FE1 /* Task-Nidhi */ = {
			isa = PBXNativeTarget;
			buildConfigurationList = E053AD8A2A0251A200027FE1 /* Build configuration list for PBXNativeTarget "Task-Nidhi" */;
			buildPhases = (
				E053AD6F2A0251A000027FE1 /* Sources */,
				E053AD702A0251A000027FE1 /* Frameworks */,
				E053AD712A0251A000027FE1 /* Resources */,
			);
			buildRules = (
			);
			dependencies = (
			);
			name = "Task-Nidhi";
			productName = "Task-Nidhi";
			productReference = E053AD732A0251A000027FE1 /* Task-Nidhi.app */;
			productType = "com.apple.product-type.application";
		};
/* End PBXNativeTarget section */

/* Begin PBXProject section */
		E053AD6B2A0251A000027FE1 /* Project object */ = {
			isa = PBXProject;
			attributes = {
				BuildIndependentTargetsInParallel = 1;
				LastSwiftUpdateCheck = 1420;
				LastUpgradeCheck = 1420;
				TargetAttributes = {
					E053AD722A0251A000027FE1 = {
						CreatedOnToolsVersion = 14.2;
					};
				};
			};
			buildConfigurationList = E053AD6E2A0251A000027FE1 /* Build configuration list for PBXProject "Task-Nidhi" */;
			compatibilityVersion = "Xcode 14.0";
			developmentRegion = en;
			hasScannedForEncodings = 0;
			knownRegions = (
				en,
				Base,
			);
			mainGroup = E053AD6A2A0251A000027FE1;
			productRefGroup = E053AD742A0251A000027FE1 /* Products */;
			projectDirPath = "";
			projectRoot = "";
			targets = (
				E053AD722A0251A000027FE1 /* Task-Nidhi */,
			);
		};
/* End PBXProject section */

/* Begin PBXResourcesBuildPhase section */
		E053AD712A0251A000027FE1 /* Resources */ = {
			isa = PBXResourcesBuildPhase;
			buildActionMask = 2147483647;
			files = (
				E053AD862A0251A200027FE1 /* LaunchScreen.storyboard in Resources */,
				E053AD832A0251A200027FE1 /* Assets.xcassets in Resources */,
				E0EE8B862A0288FD0091E1FA /* CartTCell.xib in Resources */,
				E0EE8B7F2A027B890091E1FA /* ProductTCell.xib in Resources */,
				E053AD7E2A0251A000027FE1 /* Main.storyboard in Resources */,
			);
			runOnlyForDeploymentPostprocessing = 0;
		};
/* End PBXResourcesBuildPhase section */

/* Begin PBXSourcesBuildPhase section */
		E053AD6F2A0251A000027FE1 /* Sources */ = {
			isa = PBXSourcesBuildPhase;
			buildActionMask = 2147483647;
			files = (
				E0AF44422A025CCE003D5AC4 /* Constant.swift in Sources */,
				E0EE8B782A0270AC0091E1FA /* NavigationController.swift in Sources */,
				E0EE8B7E2A027B890091E1FA /* ProductTCell.swift in Sources */,
				E0EE8B742A026D8F0091E1FA /* DashboardVC.swift in Sources */,
				E053AD7B2A0251A000027FE1 /* LoginVC.swift in Sources */,
				E053AD922A02546900027FE1 /* SignupVC.swift in Sources */,
				E053AD812A0251A000027FE1 /* Task_Nidhi.xcdatamodeld in Sources */,
				E0EE8B762A026EAF0091E1FA /* APIClass.swift in Sources */,
				E0EE8B852A0288FD0091E1FA /* CartTCell.swift in Sources */,
				E0EE8B812A0287D90091E1FA /* CartVC.swift in Sources */,
				E0AF44462A026007003D5AC4 /* DatabaseHelper.swift in Sources */,
				E053AD942A025A9F00027FE1 /* Extension.swift in Sources */,
				E0EE8B7A2A02763B0091E1FA /* ProductModel.swift in Sources */,
				E053AD772A0251A000027FE1 /* AppDelegate.swift in Sources */,
				E0AF44482A026064003D5AC4 /* UserModel.swift in Sources */,
				E053AD792A0251A000027FE1 /* SceneDelegate.swift in Sources */,
			);
			runOnlyForDeploymentPostprocessing = 0;
		};
/* End PBXSourcesBuildPhase section */

/* Begin PBXVariantGroup section */
		E053AD7C2A0251A000027FE1 /* Main.storyboard */ = {
			isa = PBXVariantGroup;
			children = (
				E053AD7D2A0251A000027FE1 /* Base */,
			);
			name = Main.storyboard;
			sourceTree = "<group>";
		};
		E053AD842A0251A200027FE1 /* LaunchScreen.storyboard */ = {
			isa = PBXVariantGroup;
			children = (
				E053AD852A0251A200027FE1 /* Base */,
			);
			name = LaunchScreen.storyboard;
			sourceTree = "<group>";
		};
/* End PBXVariantGroup section */

/* Begin XCBuildConfiguration section */
		E053AD882A0251A200027FE1 /* Debug */ = {
			isa = XCBuildConfiguration;
			buildSettings = {
				ALWAYS_SEARCH_USER_PATHS = NO;
				CLANG_ANALYZER_NONNULL = YES;
				CLANG_ANALYZER_NUMBER_OBJECT_CONVERSION = YES_AGGRESSIVE;
				CLANG_CXX_LANGUAGE_STANDARD = "gnu++20";
				CLANG_ENABLE_MODULES = YES;
				CLANG_ENABLE_OBJC_ARC = YES;
				CLANG_ENABLE_OBJC_WEAK = YES;
				CLANG_WARN_BLOCK_CAPTURE_AUTORELEASING = YES;
				CLANG_WARN_BOOL_CONVERSION = YES;
				CLANG_WARN_COMMA = YES;
				CLANG_WARN_CONSTANT_CONVERSION = YES;
				CLANG_WARN_DEPRECATED_OBJC_IMPLEMENTATIONS = YES;
				CLANG_WARN_DIRECT_OBJC_ISA_USAGE = YES_ERROR;
				CLANG_WARN_DOCUMENTATION_COMMENTS = YES;
				CLANG_WARN_EMPTY_BODY = YES;
				CLANG_WARN_ENUM_CONVERSION = YES;
				CLANG_WARN_INFINITE_RECURSION = YES;
				CLANG_WARN_INT_CONVERSION = YES;
				CLANG_WARN_NON_LITERAL_NULL_CONVERSION = YES;
				CLANG_WARN_OBJC_IMPLICIT_RETAIN_SELF = YES;
				CLANG_WARN_OBJC_LITERAL_CONVERSION = YES;
				CLANG_WARN_OBJC_ROOT_CLASS = YES_ERROR;
				CLANG_WARN_QUOTED_INCLUDE_IN_FRAMEWORK_HEADER = YES;
				CLANG_WARN_RANGE_LOOP_ANALYSIS = YES;
				CLANG_WARN_STRICT_PROTOTYPES = YES;
				CLANG_WARN_SUSPICIOUS_MOVE = YES;
				CLANG_WARN_UNGUARDED_AVAILABILITY = YES_AGGRESSIVE;
				CLANG_WARN_UNREACHABLE_CODE = YES;
				CLANG_WARN__DUPLICATE_METHOD_MATCH = YES;
				COPY_PHASE_STRIP = NO;
				DEBUG_INFORMATION_FORMAT = dwarf;
				ENABLE_STRICT_OBJC_MSGSEND = YES;
				ENABLE_TESTABILITY = YES;
				GCC_C_LANGUAGE_STANDARD = gnu11;
				GCC_DYNAMIC_NO_PIC = NO;
				GCC_NO_COMMON_BLOCKS = YES;
				GCC_OPTIMIZATION_LEVEL = 0;
				GCC_PREPROCESSOR_DEFINITIONS = (
					"DEBUG=1",
					"$(inherited)",
				);
				GCC_WARN_64_TO_32_BIT_CONVERSION = YES;
				GCC_WARN_ABOUT_RETURN_TYPE = YES_ERROR;
				GCC_WARN_UNDECLARED_SELECTOR = YES;
				GCC_WARN_UNINITIALIZED_AUTOS = YES_AGGRESSIVE;
				GCC_WARN_UNUSED_FUNCTION = YES;
				GCC_WARN_UNUSED_VARIABLE = YES;
				IPHONEOS_DEPLOYMENT_TARGET = 16.2;
				MTL_ENABLE_DEBUG_INFO = INCLUDE_SOURCE;
				MTL_FAST_MATH = YES;
				ONLY_ACTIVE_ARCH = YES;
				SDKROOT = iphoneos;
				SWIFT_ACTIVE_COMPILATION_CONDITIONS = DEBUG;
				SWIFT_OPTIMIZATION_LEVEL = "-Onone";
			};
			name = Debug;
		};
		E053AD892A0251A200027FE1 /* Release */ = {
			isa = XCBuildConfiguration;
			buildSettings = {
				ALWAYS_SEARCH_USER_PATHS = NO;
				CLANG_ANALYZER_NONNULL = YES;
				CLANG_ANALYZER_NUMBER_OBJECT_CONVERSION = YES_AGGRESSIVE;
				CLANG_CXX_LANGUAGE_STANDARD = "gnu++20";
				CLANG_ENABLE_MODULES = YES;
				CLANG_ENABLE_OBJC_ARC = YES;
				CLANG_ENABLE_OBJC_WEAK = YES;
				CLANG_WARN_BLOCK_CAPTURE_AUTORELEASING = YES;
				CLANG_WARN_BOOL_CONVERSION = YES;
				CLANG_WARN_COMMA = YES;
				CLANG_WARN_CONSTANT_CONVERSION = YES;
				CLANG_WARN_DEPRECATED_OBJC_IMPLEMENTATIONS = YES;
				CLANG_WARN_DIRECT_OBJC_ISA_USAGE = YES_ERROR;
				CLANG_WARN_DOCUMENTATION_COMMENTS = YES;
				CLANG_WARN_EMPTY_BODY = YES;
				CLANG_WARN_ENUM_CONVERSION = YES;
				CLANG_WARN_INFINITE_RECURSION = YES;
				CLANG_WARN_INT_CONVERSION = YES;
				CLANG_WARN_NON_LITERAL_NULL_CONVERSION = YES;
				CLANG_WARN_OBJC_IMPLICIT_RETAIN_SELF = YES;
				CLANG_WARN_OBJC_LITERAL_CONVERSION = YES;
				CLANG_WARN_OBJC_ROOT_CLASS = YES_ERROR;
				CLANG_WARN_QUOTED_INCLUDE_IN_FRAMEWORK_HEADER = YES;
				CLANG_WARN_RANGE_LOOP_ANALYSIS = YES;
				CLANG_WARN_STRICT_PROTOTYPES = YES;
				CLANG_WARN_SUSPICIOUS_MOVE = YES;
				CLANG_WARN_UNGUARDED_AVAILABILITY = YES_AGGRESSIVE;
				CLANG_WARN_UNREACHABLE_CODE = YES;
				CLANG_WARN__DUPLICATE_METHOD_MATCH = YES;
				COPY_PHASE_STRIP = NO;
				DEBUG_INFORMATION_FORMAT = "dwarf-with-dsym";
				ENABLE_NS_ASSERTIONS = NO;
				ENABLE_STRICT_OBJC_MSGSEND = YES;
				GCC_C_LANGUAGE_STANDARD = gnu11;
				GCC_NO_COMMON_BLOCKS = YES;
				GCC_WARN_64_TO_32_BIT_CONVERSION = YES;
				GCC_WARN_ABOUT_RETURN_TYPE = YES_ERROR;
				GCC_WARN_UNDECLARED_SELECTOR = YES;
				GCC_WARN_UNINITIALIZED_AUTOS = YES_AGGRESSIVE;
				GCC_WARN_UNUSED_FUNCTION = YES;
				GCC_WARN_UNUSED_VARIABLE = YES;
				IPHONEOS_DEPLOYMENT_TARGET = 16.2;
				MTL_ENABLE_DEBUG_INFO = NO;
				MTL_FAST_MATH = YES;
				SDKROOT = iphoneos;
				SWIFT_COMPILATION_MODE = wholemodule;
				SWIFT_OPTIMIZATION_LEVEL = "-O";
				VALIDATE_PRODUCT = YES;
			};
			name = Release;
		};
		E053AD8B2A0251A200027FE1 /* Debug */ = {
			isa = XCBuildConfiguration;
			buildSettings = {
				ASSETCATALOG_COMPILER_APPICON_NAME = AppIcon;
				ASSETCATALOG_COMPILER_GLOBAL_ACCENT_COLOR_NAME = AccentColor;
				CODE_SIGN_STYLE = Automatic;
				CURRENT_PROJECT_VERSION = 1;
				GENERATE_INFOPLIST_FILE = YES;
				INFOPLIST_FILE = "Task-Nidhi/Info.plist";
				INFOPLIST_KEY_UIApplicationSupportsIndirectInputEvents = YES;
				INFOPLIST_KEY_UILaunchStoryboardName = LaunchScreen;
				INFOPLIST_KEY_UIMainStoryboardFile = Main;
				INFOPLIST_KEY_UISupportedInterfaceOrientations_iPad = "UIInterfaceOrientationPortrait UIInterfaceOrientationPortraitUpsideDown UIInterfaceOrientationLandscapeLeft UIInterfaceOrientationLandscapeRight";
				INFOPLIST_KEY_UISupportedInterfaceOrientations_iPhone = "UIInterfaceOrientationPortrait UIInterfaceOrientationLandscapeLeft UIInterfaceOrientationLandscapeRight";
				IPHONEOS_DEPLOYMENT_TARGET = 13.0;
				LD_RUNPATH_SEARCH_PATHS = (
					"$(inherited)",
					"@executable_path/Frameworks",
				);
				MARKETING_VERSION = 1.0;
				PRODUCT_BUNDLE_IDENTIFIER = "com.Task-Nidhi";
				PRODUCT_NAME = "$(TARGET_NAME)";
				SWIFT_EMIT_LOC_STRINGS = YES;
				SWIFT_VERSION = 5.0;
				TARGETED_DEVICE_FAMILY = "1,2";
			};
			name = Debug;
		};
		E053AD8C2A0251A200027FE1 /* Release */ = {
			isa = XCBuildConfiguration;
			buildSettings = {
				ASSETCATALOG_COMPILER_APPICON_NAME = AppIcon;
				ASSETCATALOG_COMPILER_GLOBAL_ACCENT_COLOR_NAME = AccentColor;
				CODE_SIGN_STYLE = Automatic;
				CURRENT_PROJECT_VERSION = 1;
				GENERATE_INFOPLIST_FILE = YES;
				INFOPLIST_FILE = "Task-Nidhi/Info.plist";
				INFOPLIST_KEY_UIApplicationSupportsIndirectInputEvents = YES;
				INFOPLIST_KEY_UILaunchStoryboardName = LaunchScreen;
				INFOPLIST_KEY_UIMainStoryboardFile = Main;
				INFOPLIST_KEY_UISupportedInterfaceOrientations_iPad = "UIInterfaceOrientationPortrait UIInterfaceOrientationPortraitUpsideDown UIInterfaceOrientationLandscapeLeft UIInterfaceOrientationLandscapeRight";
				INFOPLIST_KEY_UISupportedInterfaceOrientations_iPhone = "UIInterfaceOrientationPortrait UIInterfaceOrientationLandscapeLeft UIInterfaceOrientationLandscapeRight";
				IPHONEOS_DEPLOYMENT_TARGET = 13.0;
				LD_RUNPATH_SEARCH_PATHS = (
					"$(inherited)",
					"@executable_path/Frameworks",
				);
				MARKETING_VERSION = 1.0;
				PRODUCT_BUNDLE_IDENTIFIER = "com.Task-Nidhi";
				PRODUCT_NAME = "$(TARGET_NAME)";
				SWIFT_EMIT_LOC_STRINGS = YES;
				SWIFT_VERSION = 5.0;
				TARGETED_DEVICE_FAMILY = "1,2";
			};
			name = Release;
		};
/* End XCBuildConfiguration section */

/* Begin XCConfigurationList section */
		E053AD6E2A0251A000027FE1 /* Build configuration list for PBXProject "Task-Nidhi" */ = {
			isa = XCConfigurationList;
			buildConfigurations = (
				E053AD882A0251A200027FE1 /* Debug */,
				E053AD892A0251A200027FE1 /* Release */,
			);
			defaultConfigurationIsVisible = 0;
			defaultConfigurationName = Release;
		};
		E053AD8A2A0251A200027FE1 /* Build configuration list for PBXNativeTarget "Task-Nidhi" */ = {
			isa = XCConfigurationList;
			buildConfigurations = (
				E053AD8B2A0251A200027FE1 /* Debug */,
				E053AD8C2A0251A200027FE1 /* Release */,
			);
			defaultConfigurationIsVisible = 0;
			defaultConfigurationName = Release;
		};
/* End XCConfigurationList section */

/* Begin XCVersionGroup section */
		E053AD7F2A0251A000027FE1 /* Task_Nidhi.xcdatamodeld */ = {
			isa = XCVersionGroup;
			children = (
				E053AD802A0251A000027FE1 /* Task_Nidhi.xcdatamodel */,
			);
			currentVersion = E053AD802A0251A000027FE1 /* Task_Nidhi.xcdatamodel */;
			path = Task_Nidhi.xcdatamodeld;
			sourceTree = "<group>";
			versionGroupType = wrapper.xcdatamodel;
		};
/* End XCVersionGroup section */
	};
	rootObject = E053AD6B2A0251A000027FE1 /* Project object */;
}
